
Microsoft Visual Studio Solution File, Format Version 12.00
# Visual Studio Version 16
VisualStudioVersion = 16.0.29926.136
MinimumVisualStudioVersion = 10.0.40219.1
Project("{9A19103F-16F7-4668-BE54-9A1E7A4F7556}") = "WebApplication", "WebApplication.csproj", "{82D5C415-75C1-442A-82CE-2D83851715DA}"
EndProject
Project("{9A19103F-16F7-4668-BE54-9A1E7A4F7556}") = "WebApplication.DAL", "..\WebApplication.DAL\WebApplication.DAL.csproj", "{886E265D-775A-4358-BCB2-E7CC4DCA5025}"
EndProject
Project("{9A19103F-16F7-4668-BE54-9A1E7A4F7556}") = "WebApplication.Tests", "..\WebApplication.Tests\WebApplication.Tests.csproj", "{5C127074-DD8E-4D76-8459-E4D3F650ABF9}"
EndProject
Global
	GlobalSection(SolutionConfigurationPlatforms) = preSolution
		Debug|Any CPU = Debug|Any CPU
		Release|Any CPU = Release|Any CPU
	EndGlobalSection
	GlobalSection(ProjectConfigurationPlatforms) = postSolution
		{82D5C415-75C1-442A-82CE-2D83851715DA}.Debug|Any CPU.ActiveCfg = Debug|Any CPU
		{82D5C415-75C1-442A-82CE-2D83851715DA}.Debug|Any CPU.Build.0 = Debug|Any CPU
		{82D5C415-75C1-442A-82CE-2D83851715DA}.Release|Any CPU.ActiveCfg = Release|Any CPU
		{82D5C415-75C1-442A-82CE-2D83851715DA}.Release|Any CPU.Build.0 = Release|Any CPU
		{886E265D-775A-4358-BCB2-E7CC4DCA5025}.Debug|Any CPU.ActiveCfg = Debug|Any CPU
		{886E265D-775A-4358-BCB2-E7CC4DCA5025}.Debug|Any CPU.Build.0 = Debug|Any CPU
		{886E265D-775A-4358-BCB2-E7CC4DCA5025}.Release|Any CPU.ActiveCfg = Release|Any CPU
		{886E265D-775A-4358-BCB2-E7CC4DCA5025}.Release|Any CPU.Build.0 = Release|Any CPU
		{5C127074-DD8E-4D76-8459-E4D3F650ABF9}.Debug|Any CPU.ActiveCfg = Debug|Any CPU
		{5C127074-DD8E-4D76-8459-E4D3F650ABF9}.Debug|Any CPU.Build.0 = Debug|Any CPU
		{5C127074-DD8E-4D76-8459-E4D3F650ABF9}.Release|Any CPU.ActiveCfg = Release|Any CPU
		{5C127074-DD8E-4D76-8459-E4D3F650ABF9}.Release|Any CPU.Build.0 = Release|Any CPU
	EndGlobalSection
	GlobalSection(SolutionProperties) = preSolution
		HideSolutionNode = FALSE
	EndGlobalSection
	GlobalSection(ExtensibilityGlobals) = postSolution
		SolutionGuid = {C2CCE8C0-6E2D-4839-A872-9CD2FB02F225}
	EndGlobalSection
EndGlobal
